
Microsoft Visual Studio Solution File, Format Version 12.00
# Visual Studio 2013
VisualStudioVersion = 12.0.21005.1
MinimumVisualStudioVersion = 10.0.40219.1
Project("{2150E333-8FDC-42A3-9474-1A3956D46DE8}") = "Data", "Data", "{EB9DA1F8-4D66-4CC9-97E5-14C0CFE1FE42}"
EndProject
Project("{2150E333-8FDC-42A3-9474-1A3956D46DE8}") = "Web", "Web", "{AAD20E09-9C11-4D50-8A56-062475D3BF1B}"
EndProject
Project("{2150E333-8FDC-42A3-9474-1A3956D46DE8}") = "Tests", "Tests", "{DD8FCADA-8F8B-4527-B394-DC45B0A4C720}"
EndProject
Project("{2150E333-8FDC-42A3-9474-1A3956D46DE8}") = "External Libraries", "External Libraries", "{0C1BC91E-D310-4635-A335-DECF377FA13D}"
EndProject
Project("{FAE04EC0-301F-11D3-BF4B-00C04F79EFBC}") = "TwitterSystem.Data.Models", "Data\TwitterSystem.Data.Models\TwitterSystem.Data.Models.csproj", "{90A864DC-36B8-4220-B3F7-9BD476792D33}"
EndProject
Project("{FAE04EC0-301F-11D3-BF4B-00C04F79EFBC}") = "TwitterSystem.Data", "Data\TwitterSystem.Data\TwitterSystem.Data.csproj", "{6929F7FC-6EC2-4670-AB1C-403FA766727F}"
EndProject
Project("{FAE04EC0-301F-11D3-BF4B-00C04F79EFBC}") = "TwitterSystem.Web", "Web\TwitterSystem.Web\TwitterSystem.Web.csproj", "{B9834775-5CBF-49A9-B383-6C702EC5B759}"
EndProject
Project("{FAE04EC0-301F-11D3-BF4B-00C04F79EFBC}") = "TwitterSystem.Data.Common", "Data\TwitterSystem.Data.Common\TwitterSystem.Data.Common.csproj", "{533852B6-D017-44E7-9457-5F45B7805EFD}"
EndProject
Global
	GlobalSection(SolutionConfigurationPlatforms) = preSolution
		Debug|Any CPU = Debug|Any CPU
		Release|Any CPU = Release|Any CPU
	EndGlobalSection
	GlobalSection(ProjectConfigurationPlatforms) = postSolution
		{90A864DC-36B8-4220-B3F7-9BD476792D33}.Debug|Any CPU.ActiveCfg = Debug|Any CPU
		{90A864DC-36B8-4220-B3F7-9BD476792D33}.Debug|Any CPU.Build.0 = Debug|Any CPU
		{90A864DC-36B8-4220-B3F7-9BD476792D33}.Release|Any CPU.ActiveCfg = Release|Any CPU
		{90A864DC-36B8-4220-B3F7-9BD476792D33}.Release|Any CPU.Build.0 = Release|Any CPU
		{6929F7FC-6EC2-4670-AB1C-403FA766727F}.Debug|Any CPU.ActiveCfg = Debug|Any CPU
		{6929F7FC-6EC2-4670-AB1C-403FA766727F}.Debug|Any CPU.Build.0 = Debug|Any CPU
		{6929F7FC-6EC2-4670-AB1C-403FA766727F}.Release|Any CPU.ActiveCfg = Release|Any CPU
		{6929F7FC-6EC2-4670-AB1C-403FA766727F}.Release|Any CPU.Build.0 = Release|Any CPU
		{B9834775-5CBF-49A9-B383-6C702EC5B759}.Debug|Any CPU.ActiveCfg = Debug|Any CPU
		{B9834775-5CBF-49A9-B383-6C702EC5B759}.Debug|Any CPU.Build.0 = Debug|Any CPU
		{B9834775-5CBF-49A9-B383-6C702EC5B759}.Release|Any CPU.ActiveCfg = Release|Any CPU
		{B9834775-5CBF-49A9-B383-6C702EC5B759}.Release|Any CPU.Build.0 = Release|Any CPU
		{533852B6-D017-44E7-9457-5F45B7805EFD}.Debug|Any CPU.ActiveCfg = Debug|Any CPU
		{533852B6-D017-44E7-9457-5F45B7805EFD}.Debug|Any CPU.Build.0 = Debug|Any CPU
		{533852B6-D017-44E7-9457-5F45B7805EFD}.Release|Any CPU.ActiveCfg = Release|Any CPU
		{533852B6-D017-44E7-9457-5F45B7805EFD}.Release|Any CPU.Build.0 = Release|Any CPU
	EndGlobalSection
	GlobalSection(SolutionProperties) = preSolution
		HideSolutionNode = FALSE
	EndGlobalSection
	GlobalSection(NestedProjects) = preSolution
		{90A864DC-36B8-4220-B3F7-9BD476792D33} = {EB9DA1F8-4D66-4CC9-97E5-14C0CFE1FE42}
		{6929F7FC-6EC2-4670-AB1C-403FA766727F} = {EB9DA1F8-4D66-4CC9-97E5-14C0CFE1FE42}
		{533852B6-D017-44E7-9457-5F45B7805EFD} = {EB9DA1F8-4D66-4CC9-97E5-14C0CFE1FE42}
		{B9834775-5CBF-49A9-B383-6C702EC5B759} = {AAD20E09-9C11-4D50-8A56-062475D3BF1B}
	EndGlobalSection
EndGlobal
